
Microsoft Visual Studio Solution File, Format Version 12.00
# Visual Studio Version 16
VisualStudioVersion = 16.0.29215.179
MinimumVisualStudioVersion = 10.0.40219.1
Project("{FAE04EC0-301F-11D3-BF4B-00C04F79EFBC}") = "Encapsulation", "Encapsulation\Encapsulation.csproj", "{52E8489E-856D-4AA9-A049-0CDA69CFAD5E}"
EndProject
Project("{FAE04EC0-301F-11D3-BF4B-00C04F79EFBC}") = "ExampleStaticClass", "ExampleStaticClass\ExampleStaticClass.csproj", "{E8F374BF-B508-486F-8DBE-657C13D50396}"
EndProject
Project("{FAE04EC0-301F-11D3-BF4B-00C04F79EFBC}") = "AdapterPattern", "AdapterPattern\AdapterPattern.csproj", "{B04AF59B-7033-403A-93BA-0CED55E9DFA3}"
EndProject
Project("{FAE04EC0-301F-11D3-BF4B-00C04F79EFBC}") = "AdapterPart2", "AdapterPart2\AdapterPart2.csproj", "{80AB8ECE-A367-4B5A-BFAF-8509BEABC709}"
EndProject
Project("{FAE04EC0-301F-11D3-BF4B-00C04F79EFBC}") = "MSCAChapter1", "MSCAChapter1\MSCAChapter1.csproj", "{8F6B7370-6C1D-472A-9405-405705020F50}"
EndProject
Project("{FAE04EC0-301F-11D3-BF4B-00C04F79EFBC}") = "Random", "Random\Random.csproj", "{05BBAF57-0791-453F-B0CB-0F07FA11FDC3}"
EndProject
Project("{FAE04EC0-301F-11D3-BF4B-00C04F79EFBC}") = "MSCA_New", "MSCA_New\MSCA_New.csproj", "{06B255AD-E01E-48BE-812B-A8A246634B75}"
EndProject
Project("{FAE04EC0-301F-11D3-BF4B-00C04F79EFBC}") = "FileReader", "FileReader\FileReader.csproj", "{2792811A-0244-4624-9E63-DD86475035D6}"
EndProject
Project("{9A19103F-16F7-4668-BE54-9A1E7A4F7556}") = "UnitTestProject1", "UnitTestProject1\UnitTestProject1.csproj", "{891FE6AD-40CA-4989-9672-D81D950C8ACF}"
EndProject
Project("{FAE04EC0-301F-11D3-BF4B-00C04F79EFBC}") = "PublisherSubscriberPattern", "PublisherSubscriberPattern\PublisherSubscriberPattern.csproj", "{0154BE6E-B43B-4B18-ACA9-577480CD7C9F}"
EndProject
Project("{FAE04EC0-301F-11D3-BF4B-00C04F79EFBC}") = "PublisherSubscriberPatter2", "PublisherSubscriberPatter2\PublisherSubscriberPatter2.csproj", "{780FB5D2-C134-4F37-B19B-AF98A1B10DA3}"
EndProject
Project("{2150E333-8FDC-42A3-9474-1A3956D46DE8}") = "JobInterview", "JobInterview", "{CCB25EE5-3373-4680-9914-ABC652D8C02E}"
EndProject
Project("{FAE04EC0-301F-11D3-BF4B-00C04F79EFBC}") = "BinaryTree", "BinaryTree\BinaryTree.csproj", "{37509FEF-E80C-4945-97E2-A4C0AAE7381B}"
EndProject
Project("{FAE04EC0-301F-11D3-BF4B-00C04F79EFBC}") = "SerializationExample", "SerializationExample\SerializationExample.csproj", "{949FD569-EFB4-4850-AE6E-498207178307}"
EndProject
Project("{FAE04EC0-301F-11D3-BF4B-00C04F79EFBC}") = "EnumExample", "EnumExample\EnumExample.csproj", "{F433359C-C6EA-442B-AA1D-714EB8CBF56C}"
EndProject
Project("{2150E333-8FDC-42A3-9474-1A3956D46DE8}") = "MSCA", "MSCA", "{3BCCB577-E39B-4F56-9270-C585D3520BDB}"
EndProject
Project("{FAE04EC0-301F-11D3-BF4B-00C04F79EFBC}") = "Chapter1", "Chapter1\Chapter1.csproj", "{31873AA0-8920-4629-9D7A-F4F106BDEAB8}"
EndProject
Project("{FAE04EC0-301F-11D3-BF4B-00C04F79EFBC}") = "Chapter2", "Chapter2\Chapter2.csproj", "{4890FA0A-A93B-4C27-97A4-F810C603A36A}"
EndProject
Project("{FAE04EC0-301F-11D3-BF4B-00C04F79EFBC}") = "KinisTutorial", "KinisTutorial\KinisTutorial.csproj", "{78F78BB5-3A4E-4642-BE16-E7F89CF70A4C}"
EndProject
Global
	GlobalSection(SolutionConfigurationPlatforms) = preSolution
		Debug|Any CPU = Debug|Any CPU
		Debug|x64 = Debug|x64
		Debug|x86 = Debug|x86
		Release|Any CPU = Release|Any CPU
		Release|x64 = Release|x64
		Release|x86 = Release|x86
	EndGlobalSection
	GlobalSection(ProjectConfigurationPlatforms) = postSolution
		{52E8489E-856D-4AA9-A049-0CDA69CFAD5E}.Debug|Any CPU.ActiveCfg = Debug|Any CPU
		{52E8489E-856D-4AA9-A049-0CDA69CFAD5E}.Debug|Any CPU.Build.0 = Debug|Any CPU
		{52E8489E-856D-4AA9-A049-0CDA69CFAD5E}.Debug|x64.ActiveCfg = Debug|x64
		{52E8489E-856D-4AA9-A049-0CDA69CFAD5E}.Debug|x64.Build.0 = Debug|x64
		{52E8489E-856D-4AA9-A049-0CDA69CFAD5E}.Debug|x86.ActiveCfg = Debug|Any CPU
		{52E8489E-856D-4AA9-A049-0CDA69CFAD5E}.Debug|x86.Build.0 = Debug|Any CPU
		{52E8489E-856D-4AA9-A049-0CDA69CFAD5E}.Release|Any CPU.ActiveCfg = Release|Any CPU
		{52E8489E-856D-4AA9-A049-0CDA69CFAD5E}.Release|Any CPU.Build.0 = Release|Any CPU
		{52E8489E-856D-4AA9-A049-0CDA69CFAD5E}.Release|x64.ActiveCfg = Release|x64
		{52E8489E-856D-4AA9-A049-0CDA69CFAD5E}.Release|x64.Build.0 = Release|x64
		{52E8489E-856D-4AA9-A049-0CDA69CFAD5E}.Release|x86.ActiveCfg = Release|Any CPU
		{52E8489E-856D-4AA9-A049-0CDA69CFAD5E}.Release|x86.Build.0 = Release|Any CPU
		{E8F374BF-B508-486F-8DBE-657C13D50396}.Debug|Any CPU.ActiveCfg = Debug|Any CPU
		{E8F374BF-B508-486F-8DBE-657C13D50396}.Debug|Any CPU.Build.0 = Debug|Any CPU
		{E8F374BF-B508-486F-8DBE-657C13D50396}.Debug|x64.ActiveCfg = Debug|x64
		{E8F374BF-B508-486F-8DBE-657C13D50396}.Debug|x64.Build.0 = Debug|x64
		{E8F374BF-B508-486F-8DBE-657C13D50396}.Debug|x86.ActiveCfg = Debug|Any CPU
		{E8F374BF-B508-486F-8DBE-657C13D50396}.Debug|x86.Build.0 = Debug|Any CPU
		{E8F374BF-B508-486F-8DBE-657C13D50396}.Release|Any CPU.ActiveCfg = Release|Any CPU
		{E8F374BF-B508-486F-8DBE-657C13D50396}.Release|Any CPU.Build.0 = Release|Any CPU
		{E8F374BF-B508-486F-8DBE-657C13D50396}.Release|x64.ActiveCfg = Release|x64
		{E8F374BF-B508-486F-8DBE-657C13D50396}.Release|x64.Build.0 = Release|x64
		{E8F374BF-B508-486F-8DBE-657C13D50396}.Release|x86.ActiveCfg = Release|Any CPU
		{E8F374BF-B508-486F-8DBE-657C13D50396}.Release|x86.Build.0 = Release|Any CPU
		{B04AF59B-7033-403A-93BA-0CED55E9DFA3}.Debug|Any CPU.ActiveCfg = Debug|Any CPU
		{B04AF59B-7033-403A-93BA-0CED55E9DFA3}.Debug|Any CPU.Build.0 = Debug|Any CPU
		{B04AF59B-7033-403A-93BA-0CED55E9DFA3}.Debug|x64.ActiveCfg = Debug|x64
		{B04AF59B-7033-403A-93BA-0CED55E9DFA3}.Debug|x64.Build.0 = Debug|x64
		{B04AF59B-7033-403A-93BA-0CED55E9DFA3}.Debug|x86.ActiveCfg = Debug|Any CPU
		{B04AF59B-7033-403A-93BA-0CED55E9DFA3}.Debug|x86.Build.0 = Debug|Any CPU
		{B04AF59B-7033-403A-93BA-0CED55E9DFA3}.Release|Any CPU.ActiveCfg = Release|Any CPU
		{B04AF59B-7033-403A-93BA-0CED55E9DFA3}.Release|Any CPU.Build.0 = Release|Any CPU
		{B04AF59B-7033-403A-93BA-0CED55E9DFA3}.Release|x64.ActiveCfg = Release|x64
		{B04AF59B-7033-403A-93BA-0CED55E9DFA3}.Release|x64.Build.0 = Release|x64
		{B04AF59B-7033-403A-93BA-0CED55E9DFA3}.Release|x86.ActiveCfg = Release|Any CPU
		{B04AF59B-7033-403A-93BA-0CED55E9DFA3}.Release|x86.Build.0 = Release|Any CPU
		{80AB8ECE-A367-4B5A-BFAF-8509BEABC709}.Debug|Any CPU.ActiveCfg = Debug|Any CPU
		{80AB8ECE-A367-4B5A-BFAF-8509BEABC709}.Debug|Any CPU.Build.0 = Debug|Any CPU
		{80AB8ECE-A367-4B5A-BFAF-8509BEABC709}.Debug|x64.ActiveCfg = Debug|x64
		{80AB8ECE-A367-4B5A-BFAF-8509BEABC709}.Debug|x64.Build.0 = Debug|x64
		{80AB8ECE-A367-4B5A-BFAF-8509BEABC709}.Debug|x86.ActiveCfg = Debug|Any CPU
		{80AB8ECE-A367-4B5A-BFAF-8509BEABC709}.Debug|x86.Build.0 = Debug|Any CPU
		{80AB8ECE-A367-4B5A-BFAF-8509BEABC709}.Release|Any CPU.ActiveCfg = Release|Any CPU
		{80AB8ECE-A367-4B5A-BFAF-8509BEABC709}.Release|Any CPU.Build.0 = Release|Any CPU
		{80AB8ECE-A367-4B5A-BFAF-8509BEABC709}.Release|x64.ActiveCfg = Release|x64
		{80AB8ECE-A367-4B5A-BFAF-8509BEABC709}.Release|x64.Build.0 = Release|x64
		{80AB8ECE-A367-4B5A-BFAF-8509BEABC709}.Release|x86.ActiveCfg = Release|Any CPU
		{80AB8ECE-A367-4B5A-BFAF-8509BEABC709}.Release|x86.Build.0 = Release|Any CPU
		{8F6B7370-6C1D-472A-9405-405705020F50}.Debug|Any CPU.ActiveCfg = Debug|Any CPU
		{8F6B7370-6C1D-472A-9405-405705020F50}.Debug|Any CPU.Build.0 = Debug|Any CPU
		{8F6B7370-6C1D-472A-9405-405705020F50}.Debug|x64.ActiveCfg = Debug|x64
		{8F6B7370-6C1D-472A-9405-405705020F50}.Debug|x64.Build.0 = Debug|x64
		{8F6B7370-6C1D-472A-9405-405705020F50}.Debug|x86.ActiveCfg = Debug|Any CPU
		{8F6B7370-6C1D-472A-9405-405705020F50}.Debug|x86.Build.0 = Debug|Any CPU
		{8F6B7370-6C1D-472A-9405-405705020F50}.Release|Any CPU.ActiveCfg = Release|Any CPU
		{8F6B7370-6C1D-472A-9405-405705020F50}.Release|Any CPU.Build.0 = Release|Any CPU
		{8F6B7370-6C1D-472A-9405-405705020F50}.Release|x64.ActiveCfg = Release|x64
		{8F6B7370-6C1D-472A-9405-405705020F50}.Release|x64.Build.0 = Release|x64
		{8F6B7370-6C1D-472A-9405-405705020F50}.Release|x86.ActiveCfg = Release|Any CPU
		{8F6B7370-6C1D-472A-9405-405705020F50}.Release|x86.Build.0 = Release|Any CPU
		{05BBAF57-0791-453F-B0CB-0F07FA11FDC3}.Debug|Any CPU.ActiveCfg = Debug|x64
		{05BBAF57-0791-453F-B0CB-0F07FA11FDC3}.Debug|Any CPU.Build.0 = Debug|x64
		{05BBAF57-0791-453F-B0CB-0F07FA11FDC3}.Debug|x64.ActiveCfg = Debug|Any CPU
		{05BBAF57-0791-453F-B0CB-0F07FA11FDC3}.Debug|x64.Build.0 = Debug|Any CPU
		{05BBAF57-0791-453F-B0CB-0F07FA11FDC3}.Debug|x86.ActiveCfg = Debug|x64
		{05BBAF57-0791-453F-B0CB-0F07FA11FDC3}.Debug|x86.Build.0 = Debug|x64
		{05BBAF57-0791-453F-B0CB-0F07FA11FDC3}.Release|Any CPU.ActiveCfg = Release|Any CPU
		{05BBAF57-0791-453F-B0CB-0F07FA11FDC3}.Release|Any CPU.Build.0 = Release|Any CPU
		{05BBAF57-0791-453F-B0CB-0F07FA11FDC3}.Release|x64.ActiveCfg = Release|x64
		{05BBAF57-0791-453F-B0CB-0F07FA11FDC3}.Release|x64.Build.0 = Release|x64
		{05BBAF57-0791-453F-B0CB-0F07FA11FDC3}.Release|x86.ActiveCfg = Release|x86
		{05BBAF57-0791-453F-B0CB-0F07FA11FDC3}.Release|x86.Build.0 = Release|x86
		{06B255AD-E01E-48BE-812B-A8A246634B75}.Debug|Any CPU.ActiveCfg = Debug|Any CPU
		{06B255AD-E01E-48BE-812B-A8A246634B75}.Debug|Any CPU.Build.0 = Debug|Any CPU
		{06B255AD-E01E-48BE-812B-A8A246634B75}.Debug|x64.ActiveCfg = Debug|x64
		{06B255AD-E01E-48BE-812B-A8A246634B75}.Debug|x64.Build.0 = Debug|x64
		{06B255AD-E01E-48BE-812B-A8A246634B75}.Debug|x86.ActiveCfg = Debug|Any CPU
		{06B255AD-E01E-48BE-812B-A8A246634B75}.Debug|x86.Build.0 = Debug|Any CPU
		{06B255AD-E01E-48BE-812B-A8A246634B75}.Release|Any CPU.ActiveCfg = Release|Any CPU
		{06B255AD-E01E-48BE-812B-A8A246634B75}.Release|Any CPU.Build.0 = Release|Any CPU
		{06B255AD-E01E-48BE-812B-A8A246634B75}.Release|x64.ActiveCfg = Release|x64
		{06B255AD-E01E-48BE-812B-A8A246634B75}.Release|x64.Build.0 = Release|x64
		{06B255AD-E01E-48BE-812B-A8A246634B75}.Release|x86.ActiveCfg = Release|Any CPU
		{06B255AD-E01E-48BE-812B-A8A246634B75}.Release|x86.Build.0 = Release|Any CPU
		{2792811A-0244-4624-9E63-DD86475035D6}.Debug|Any CPU.ActiveCfg = Debug|Any CPU
		{2792811A-0244-4624-9E63-DD86475035D6}.Debug|Any CPU.Build.0 = Debug|Any CPU
		{2792811A-0244-4624-9E63-DD86475035D6}.Debug|x64.ActiveCfg = Debug|x64
		{2792811A-0244-4624-9E63-DD86475035D6}.Debug|x64.Build.0 = Debug|x64
		{2792811A-0244-4624-9E63-DD86475035D6}.Debug|x86.ActiveCfg = Debug|Any CPU
		{2792811A-0244-4624-9E63-DD86475035D6}.Debug|x86.Build.0 = Debug|Any CPU
		{2792811A-0244-4624-9E63-DD86475035D6}.Release|Any CPU.ActiveCfg = Release|Any CPU
		{2792811A-0244-4624-9E63-DD86475035D6}.Release|Any CPU.Build.0 = Release|Any CPU
		{2792811A-0244-4624-9E63-DD86475035D6}.Release|x64.ActiveCfg = Release|x64
		{2792811A-0244-4624-9E63-DD86475035D6}.Release|x64.Build.0 = Release|x64
		{2792811A-0244-4624-9E63-DD86475035D6}.Release|x86.ActiveCfg = Release|Any CPU
		{2792811A-0244-4624-9E63-DD86475035D6}.Release|x86.Build.0 = Release|Any CPU
		{891FE6AD-40CA-4989-9672-D81D950C8ACF}.Debug|Any CPU.ActiveCfg = Debug|Any CPU
		{891FE6AD-40CA-4989-9672-D81D950C8ACF}.Debug|Any CPU.Build.0 = Debug|Any CPU
		{891FE6AD-40CA-4989-9672-D81D950C8ACF}.Debug|x64.ActiveCfg = Debug|Any CPU
		{891FE6AD-40CA-4989-9672-D81D950C8ACF}.Debug|x64.Build.0 = Debug|Any CPU
		{891FE6AD-40CA-4989-9672-D81D950C8ACF}.Debug|x86.ActiveCfg = Debug|Any CPU
		{891FE6AD-40CA-4989-9672-D81D950C8ACF}.Debug|x86.Build.0 = Debug|Any CPU
		{891FE6AD-40CA-4989-9672-D81D950C8ACF}.Release|Any CPU.ActiveCfg = Release|Any CPU
		{891FE6AD-40CA-4989-9672-D81D950C8ACF}.Release|Any CPU.Build.0 = Release|Any CPU
		{891FE6AD-40CA-4989-9672-D81D950C8ACF}.Release|x64.ActiveCfg = Release|Any CPU
		{891FE6AD-40CA-4989-9672-D81D950C8ACF}.Release|x64.Build.0 = Release|Any CPU
		{891FE6AD-40CA-4989-9672-D81D950C8ACF}.Release|x86.ActiveCfg = Release|Any CPU
		{891FE6AD-40CA-4989-9672-D81D950C8ACF}.Release|x86.Build.0 = Release|Any CPU
		{0154BE6E-B43B-4B18-ACA9-577480CD7C9F}.Debug|Any CPU.ActiveCfg = Debug|Any CPU
		{0154BE6E-B43B-4B18-ACA9-577480CD7C9F}.Debug|Any CPU.Build.0 = Debug|Any CPU
		{0154BE6E-B43B-4B18-ACA9-577480CD7C9F}.Debug|x64.ActiveCfg = Debug|Any CPU
		{0154BE6E-B43B-4B18-ACA9-577480CD7C9F}.Debug|x64.Build.0 = Debug|Any CPU
		{0154BE6E-B43B-4B18-ACA9-577480CD7C9F}.Debug|x86.ActiveCfg = Debug|Any CPU
		{0154BE6E-B43B-4B18-ACA9-577480CD7C9F}.Debug|x86.Build.0 = Debug|Any CPU
		{0154BE6E-B43B-4B18-ACA9-577480CD7C9F}.Release|Any CPU.ActiveCfg = Release|Any CPU
		{0154BE6E-B43B-4B18-ACA9-577480CD7C9F}.Release|Any CPU.Build.0 = Release|Any CPU
		{0154BE6E-B43B-4B18-ACA9-577480CD7C9F}.Release|x64.ActiveCfg = Release|Any CPU
		{0154BE6E-B43B-4B18-ACA9-577480CD7C9F}.Release|x64.Build.0 = Release|Any CPU
		{0154BE6E-B43B-4B18-ACA9-577480CD7C9F}.Release|x86.ActiveCfg = Release|Any CPU
		{0154BE6E-B43B-4B18-ACA9-577480CD7C9F}.Release|x86.Build.0 = Release|Any CPU
		{780FB5D2-C134-4F37-B19B-AF98A1B10DA3}.Debug|Any CPU.ActiveCfg = Debug|Any CPU
		{780FB5D2-C134-4F37-B19B-AF98A1B10DA3}.Debug|Any CPU.Build.0 = Debug|Any CPU
		{780FB5D2-C134-4F37-B19B-AF98A1B10DA3}.Debug|x64.ActiveCfg = Debug|Any CPU
		{780FB5D2-C134-4F37-B19B-AF98A1B10DA3}.Debug|x64.Build.0 = Debug|Any CPU
		{780FB5D2-C134-4F37-B19B-AF98A1B10DA3}.Debug|x86.ActiveCfg = Debug|Any CPU
		{780FB5D2-C134-4F37-B19B-AF98A1B10DA3}.Debug|x86.Build.0 = Debug|Any CPU
		{780FB5D2-C134-4F37-B19B-AF98A1B10DA3}.Release|Any CPU.ActiveCfg = Release|Any CPU
		{780FB5D2-C134-4F37-B19B-AF98A1B10DA3}.Release|Any CPU.Build.0 = Release|Any CPU
		{780FB5D2-C134-4F37-B19B-AF98A1B10DA3}.Release|x64.ActiveCfg = Release|Any CPU
		{780FB5D2-C134-4F37-B19B-AF98A1B10DA3}.Release|x64.Build.0 = Release|Any CPU
		{780FB5D2-C134-4F37-B19B-AF98A1B10DA3}.Release|x86.ActiveCfg = Release|Any CPU
		{780FB5D2-C134-4F37-B19B-AF98A1B10DA3}.Release|x86.Build.0 = Release|Any CPU
		{37509FEF-E80C-4945-97E2-A4C0AAE7381B}.Debug|Any CPU.ActiveCfg = Debug|Any CPU
		{37509FEF-E80C-4945-97E2-A4C0AAE7381B}.Debug|Any CPU.Build.0 = Debug|Any CPU
		{37509FEF-E80C-4945-97E2-A4C0AAE7381B}.Debug|x64.ActiveCfg = Debug|Any CPU
		{37509FEF-E80C-4945-97E2-A4C0AAE7381B}.Debug|x64.Build.0 = Debug|Any CPU
		{37509FEF-E80C-4945-97E2-A4C0AAE7381B}.Debug|x86.ActiveCfg = Debug|Any CPU
		{37509FEF-E80C-4945-97E2-A4C0AAE7381B}.Debug|x86.Build.0 = Debug|Any CPU
		{37509FEF-E80C-4945-97E2-A4C0AAE7381B}.Release|Any CPU.ActiveCfg = Release|Any CPU
		{37509FEF-E80C-4945-97E2-A4C0AAE7381B}.Release|Any CPU.Build.0 = Release|Any CPU
		{37509FEF-E80C-4945-97E2-A4C0AAE7381B}.Release|x64.ActiveCfg = Release|Any CPU
		{37509FEF-E80C-4945-97E2-A4C0AAE7381B}.Release|x64.Build.0 = Release|Any CPU
		{37509FEF-E80C-4945-97E2-A4C0AAE7381B}.Release|x86.ActiveCfg = Release|Any CPU
		{37509FEF-E80C-4945-97E2-A4C0AAE7381B}.Release|x86.Build.0 = Release|Any CPU
		{949FD569-EFB4-4850-AE6E-498207178307}.Debug|Any CPU.ActiveCfg = Debug|Any CPU
		{949FD569-EFB4-4850-AE6E-498207178307}.Debug|Any CPU.Build.0 = Debug|Any CPU
		{949FD569-EFB4-4850-AE6E-498207178307}.Debug|x64.ActiveCfg = Debug|Any CPU
		{949FD569-EFB4-4850-AE6E-498207178307}.Debug|x64.Build.0 = Debug|Any CPU
		{949FD569-EFB4-4850-AE6E-498207178307}.Debug|x86.ActiveCfg = Debug|Any CPU
		{949FD569-EFB4-4850-AE6E-498207178307}.Debug|x86.Build.0 = Debug|Any CPU
		{949FD569-EFB4-4850-AE6E-498207178307}.Release|Any CPU.ActiveCfg = Release|Any CPU
		{949FD569-EFB4-4850-AE6E-498207178307}.Release|Any CPU.Build.0 = Release|Any CPU
		{949FD569-EFB4-4850-AE6E-498207178307}.Release|x64.ActiveCfg = Release|Any CPU
		{949FD569-EFB4-4850-AE6E-498207178307}.Release|x64.Build.0 = Release|Any CPU
		{949FD569-EFB4-4850-AE6E-498207178307}.Release|x86.ActiveCfg = Release|Any CPU
		{949FD569-EFB4-4850-AE6E-498207178307}.Release|x86.Build.0 = Release|Any CPU
		{F433359C-C6EA-442B-AA1D-714EB8CBF56C}.Debug|Any CPU.ActiveCfg = Debug|Any CPU
		{F433359C-C6EA-442B-AA1D-714EB8CBF56C}.Debug|Any CPU.Build.0 = Debug|Any CPU
		{F433359C-C6EA-442B-AA1D-714EB8CBF56C}.Debug|x64.ActiveCfg = Debug|Any CPU
		{F433359C-C6EA-442B-AA1D-714EB8CBF56C}.Debug|x64.Build.0 = Debug|Any CPU
		{F433359C-C6EA-442B-AA1D-714EB8CBF56C}.Debug|x86.ActiveCfg = Debug|Any CPU
		{F433359C-C6EA-442B-AA1D-714EB8CBF56C}.Debug|x86.Build.0 = Debug|Any CPU
		{F433359C-C6EA-442B-AA1D-714EB8CBF56C}.Release|Any CPU.ActiveCfg = Release|Any CPU
		{F433359C-C6EA-442B-AA1D-714EB8CBF56C}.Release|Any CPU.Build.0 = Release|Any CPU
		{F433359C-C6EA-442B-AA1D-714EB8CBF56C}.Release|x64.ActiveCfg = Release|Any CPU
		{F433359C-C6EA-442B-AA1D-714EB8CBF56C}.Release|x64.Build.0 = Release|Any CPU
		{F433359C-C6EA-442B-AA1D-714EB8CBF56C}.Release|x86.ActiveCfg = Release|Any CPU
		{F433359C-C6EA-442B-AA1D-714EB8CBF56C}.Release|x86.Build.0 = Release|Any CPU
		{31873AA0-8920-4629-9D7A-F4F106BDEAB8}.Debug|Any CPU.ActiveCfg = Debug|x86
		{31873AA0-8920-4629-9D7A-F4F106BDEAB8}.Debug|Any CPU.Build.0 = Debug|x86
		{31873AA0-8920-4629-9D7A-F4F106BDEAB8}.Debug|x64.ActiveCfg = Debug|Any CPU
		{31873AA0-8920-4629-9D7A-F4F106BDEAB8}.Debug|x64.Build.0 = Debug|Any CPU
		{31873AA0-8920-4629-9D7A-F4F106BDEAB8}.Debug|x86.ActiveCfg = Debug|Any CPU
		{31873AA0-8920-4629-9D7A-F4F106BDEAB8}.Debug|x86.Build.0 = Debug|Any CPU
		{31873AA0-8920-4629-9D7A-F4F106BDEAB8}.Release|Any CPU.ActiveCfg = Release|Any CPU
		{31873AA0-8920-4629-9D7A-F4F106BDEAB8}.Release|Any CPU.Build.0 = Release|Any CPU
		{31873AA0-8920-4629-9D7A-F4F106BDEAB8}.Release|x64.ActiveCfg = Release|Any CPU
		{31873AA0-8920-4629-9D7A-F4F106BDEAB8}.Release|x64.Build.0 = Release|Any CPU
		{31873AA0-8920-4629-9D7A-F4F106BDEAB8}.Release|x86.ActiveCfg = Release|Any CPU
		{31873AA0-8920-4629-9D7A-F4F106BDEAB8}.Release|x86.Build.0 = Release|Any CPU
		{4890FA0A-A93B-4C27-97A4-F810C603A36A}.Debug|Any CPU.ActiveCfg = Debug|x86
		{4890FA0A-A93B-4C27-97A4-F810C603A36A}.Debug|Any CPU.Build.0 = Debug|x86
		{4890FA0A-A93B-4C27-97A4-F810C603A36A}.Debug|x64.ActiveCfg = Debug|x64
		{4890FA0A-A93B-4C27-97A4-F810C603A36A}.Debug|x64.Build.0 = Debug|x64
		{4890FA0A-A93B-4C27-97A4-F810C603A36A}.Debug|x86.ActiveCfg = Debug|x64
		{4890FA0A-A93B-4C27-97A4-F810C603A36A}.Debug|x86.Build.0 = Debug|x64
		{4890FA0A-A93B-4C27-97A4-F810C603A36A}.Release|Any CPU.ActiveCfg = Release|Any CPU
		{4890FA0A-A93B-4C27-97A4-F810C603A36A}.Release|Any CPU.Build.0 = Release|Any CPU
		{4890FA0A-A93B-4C27-97A4-F810C603A36A}.Release|x64.ActiveCfg = Release|Any CPU
		{4890FA0A-A93B-4C27-97A4-F810C603A36A}.Release|x64.Build.0 = Release|Any CPU
		{4890FA0A-A93B-4C27-97A4-F810C603A36A}.Release|x86.ActiveCfg = Release|Any CPU
		{4890FA0A-A93B-4C27-97A4-F810C603A36A}.Release|x86.Build.0 = Release|Any CPU
		{78F78BB5-3A4E-4642-BE16-E7F89CF70A4C}.Debug|Any CPU.ActiveCfg = Debug|Any CPU
		{78F78BB5-3A4E-4642-BE16-E7F89CF70A4C}.Debug|Any CPU.Build.0 = Debug|Any CPU
		{78F78BB5-3A4E-4642-BE16-E7F89CF70A4C}.Debug|x64.ActiveCfg = Debug|Any CPU
		{78F78BB5-3A4E-4642-BE16-E7F89CF70A4C}.Debug|x64.Build.0 = Debug|Any CPU
		{78F78BB5-3A4E-4642-BE16-E7F89CF70A4C}.Debug|x86.ActiveCfg = Debug|Any CPU
		{78F78BB5-3A4E-4642-BE16-E7F89CF70A4C}.Debug|x86.Build.0 = Debug|Any CPU
		{78F78BB5-3A4E-4642-BE16-E7F89CF70A4C}.Release|Any CPU.ActiveCfg = Release|Any CPU
		{78F78BB5-3A4E-4642-BE16-E7F89CF70A4C}.Release|Any CPU.Build.0 = Release|Any CPU
		{78F78BB5-3A4E-4642-BE16-E7F89CF70A4C}.Release|x64.ActiveCfg = Release|Any CPU
		{78F78BB5-3A4E-4642-BE16-E7F89CF70A4C}.Release|x64.Build.0 = Release|Any CPU
		{78F78BB5-3A4E-4642-BE16-E7F89CF70A4C}.Release|x86.ActiveCfg = Release|Any CPU
		{78F78BB5-3A4E-4642-BE16-E7F89CF70A4C}.Release|x86.Build.0 = Release|Any CPU
	EndGlobalSection
	GlobalSection(SolutionProperties) = preSolution
		HideSolutionNode = FALSE
	EndGlobalSection
	GlobalSection(NestedProjects) = preSolution
		{37509FEF-E80C-4945-97E2-A4C0AAE7381B} = {CCB25EE5-3373-4680-9914-ABC652D8C02E}
		{31873AA0-8920-4629-9D7A-F4F106BDEAB8} = {3BCCB577-E39B-4F56-9270-C585D3520BDB}
		{4890FA0A-A93B-4C27-97A4-F810C603A36A} = {3BCCB577-E39B-4F56-9270-C585D3520BDB}
	EndGlobalSection
	GlobalSection(ExtensibilityGlobals) = postSolution
		SolutionGuid = {475362C0-E695-403D-A8B1-9111504A99FD}
	EndGlobalSection
EndGlobal
